{
  "nodes": {
    "nixpkgs": {
      "locked": {
        "lastModified": 1723991338,
        "narHash": "sha256-Grh5PF0+gootJfOJFenTTxDTYPidA3V28dqJ/WV7iis=",
        "owner": "nixos",
        "repo": "nixpkgs",
        "rev": "8a3354191c0d7144db9756a74755672387b702ba",
        "type": "github"
      },
      "original": {
        "owner": "nixos",
        "ref": "nixos-unstable",
        "repo": "nixpkgs",
        "type": "github"
      }
    },
    "plover-update": {
      "locked": {
        "lastModified": 1714371516,
        "narHash": "sha256-MA545Hf1h8ez1joKIfPvpxmR2dUjvHJ7SukIbgdWXl0=",
        "owner": "FirelightFlagboy",
        "repo": "nixpkgs",
        "rev": "83c4b4366d9dab01f807b9e279e99f92952d5e68",
        "type": "github"
      },
      "original": {
        "owner": "FirelightFlagboy",
        "ref": "update-plover-4.0.0.dev12",
        "repo": "nixpkgs",
        "type": "github"
      }
    },
    "root": {
      "inputs": {
        "nixpkgs": "nixpkgs",
        "plover-update": "plover-update"
      }
    }
  },
  "root": "root",
  "version": 7
}
